
Microsoft Visual Studio Solution File, Format Version 12.00
# Visual Studio Version 16
VisualStudioVersion = 16.0.29411.108
MinimumVisualStudioVersion = 10.0.40219.1
Project("{2150E333-8FDC-42A3-9474-1A3956D46DE8}") = "Domain", "Domain", "{EF2FAE3A-771E-46A9-81A2-9E5D859753C5}"
EndProject
Project("{2150E333-8FDC-42A3-9474-1A3956D46DE8}") = "InfraBus", "InfraBus", "{606544B2-300D-41C4-ABDC-CBC6FD0E4740}"
EndProject
Project("{2150E333-8FDC-42A3-9474-1A3956D46DE8}") = "ResourceMicroservice", "ResourceMicroservice", "{0CDCE3D0-52E1-4DE5-9941-9BBFE2507A98}"
EndProject
Project("{9A19103F-16F7-4668-BE54-9A1E7A4F7556}") = "ResourceDomainCore", "ResourceMain\ResourceDomainCore\ResourceDomainCore.csproj", "{F113F9C8-3C6C-489F-A9A6-E45A4ED95F8D}"
EndProject
Project("{9A19103F-16F7-4668-BE54-9A1E7A4F7556}") = "ResourceInfraBus", "ResourceMain\ResourceInfraBus\ResourceInfraBus.csproj", "{66DC982B-14E0-48F2-B898-13FCC10452AD}"
EndProject
Project("{2150E333-8FDC-42A3-9474-1A3956D46DE8}") = "Api", "Api", "{451C3791-6452-4C49-B424-A564CE145178}"
EndProject
Project("{9A19103F-16F7-4668-BE54-9A1E7A4F7556}") = "ResourceApi", "ResourceMain\ResourceApi\ResourceApi.csproj", "{2633C83B-39D7-4A39-95BC-DFDF6A64B1B7}"
EndProject
Project("{2150E333-8FDC-42A3-9474-1A3956D46DE8}") = "Data", "Data", "{9B6200FB-0896-4B8E-8EFF-2CBC06DD607B}"
EndProject
Project("{9A19103F-16F7-4668-BE54-9A1E7A4F7556}") = "ResourceData", "ResourceMain\ResourceData\ResourceData.csproj", "{96A76483-FEB0-4F98-8ABA-DE67D3C7E885}"
EndProject
Project("{2150E333-8FDC-42A3-9474-1A3956D46DE8}") = "ResourceMain", "ResourceMain", "{5B1931D6-9212-4629-9F69-114170376A70}"
EndProject
Global
	GlobalSection(SolutionConfigurationPlatforms) = preSolution
		Debug|Any CPU = Debug|Any CPU
		Release|Any CPU = Release|Any CPU
	EndGlobalSection
	GlobalSection(ProjectConfigurationPlatforms) = postSolution
		{F113F9C8-3C6C-489F-A9A6-E45A4ED95F8D}.Debug|Any CPU.ActiveCfg = Debug|Any CPU
		{F113F9C8-3C6C-489F-A9A6-E45A4ED95F8D}.Debug|Any CPU.Build.0 = Debug|Any CPU
		{F113F9C8-3C6C-489F-A9A6-E45A4ED95F8D}.Release|Any CPU.ActiveCfg = Release|Any CPU
		{F113F9C8-3C6C-489F-A9A6-E45A4ED95F8D}.Release|Any CPU.Build.0 = Release|Any CPU
		{66DC982B-14E0-48F2-B898-13FCC10452AD}.Debug|Any CPU.ActiveCfg = Debug|Any CPU
		{66DC982B-14E0-48F2-B898-13FCC10452AD}.Debug|Any CPU.Build.0 = Debug|Any CPU
		{66DC982B-14E0-48F2-B898-13FCC10452AD}.Release|Any CPU.ActiveCfg = Release|Any CPU
		{66DC982B-14E0-48F2-B898-13FCC10452AD}.Release|Any CPU.Build.0 = Release|Any CPU
		{2633C83B-39D7-4A39-95BC-DFDF6A64B1B7}.Debug|Any CPU.ActiveCfg = Debug|Any CPU
		{2633C83B-39D7-4A39-95BC-DFDF6A64B1B7}.Debug|Any CPU.Build.0 = Debug|Any CPU
		{2633C83B-39D7-4A39-95BC-DFDF6A64B1B7}.Release|Any CPU.ActiveCfg = Release|Any CPU
		{2633C83B-39D7-4A39-95BC-DFDF6A64B1B7}.Release|Any CPU.Build.0 = Release|Any CPU
		{96A76483-FEB0-4F98-8ABA-DE67D3C7E885}.Debug|Any CPU.ActiveCfg = Debug|Any CPU
		{96A76483-FEB0-4F98-8ABA-DE67D3C7E885}.Debug|Any CPU.Build.0 = Debug|Any CPU
		{96A76483-FEB0-4F98-8ABA-DE67D3C7E885}.Release|Any CPU.ActiveCfg = Release|Any CPU
		{96A76483-FEB0-4F98-8ABA-DE67D3C7E885}.Release|Any CPU.Build.0 = Release|Any CPU
	EndGlobalSection
	GlobalSection(SolutionProperties) = preSolution
		HideSolutionNode = FALSE
	EndGlobalSection
	GlobalSection(NestedProjects) = preSolution
		{EF2FAE3A-771E-46A9-81A2-9E5D859753C5} = {5B1931D6-9212-4629-9F69-114170376A70}
		{606544B2-300D-41C4-ABDC-CBC6FD0E4740} = {5B1931D6-9212-4629-9F69-114170376A70}
		{0CDCE3D0-52E1-4DE5-9941-9BBFE2507A98} = {5B1931D6-9212-4629-9F69-114170376A70}
		{F113F9C8-3C6C-489F-A9A6-E45A4ED95F8D} = {EF2FAE3A-771E-46A9-81A2-9E5D859753C5}
		{66DC982B-14E0-48F2-B898-13FCC10452AD} = {606544B2-300D-41C4-ABDC-CBC6FD0E4740}
		{451C3791-6452-4C49-B424-A564CE145178} = {0CDCE3D0-52E1-4DE5-9941-9BBFE2507A98}
		{2633C83B-39D7-4A39-95BC-DFDF6A64B1B7} = {451C3791-6452-4C49-B424-A564CE145178}
		{9B6200FB-0896-4B8E-8EFF-2CBC06DD607B} = {0CDCE3D0-52E1-4DE5-9941-9BBFE2507A98}
		{96A76483-FEB0-4F98-8ABA-DE67D3C7E885} = {9B6200FB-0896-4B8E-8EFF-2CBC06DD607B}
	EndGlobalSection
	GlobalSection(ExtensibilityGlobals) = postSolution
		SolutionGuid = {1BE6B8DA-B491-4402-A943-2AE7BC29DB0B}
	EndGlobalSection
EndGlobal
